
Microsoft Visual Studio Solution File, Format Version 12.00
# Visual Studio Version 17
VisualStudioVersion = 17.4.33213.308
MinimumVisualStudioVersion = 10.0.40219.1
Project("{FAE04EC0-301F-11D3-BF4B-00C04F79EFBC}") = "ServerApp", "ServerApp\ServerApp.csproj", "{E2E504C7-B3F1-4DBC-A3FB-DBC424DA23E1}"
EndProject
Project("{FAE04EC0-301F-11D3-BF4B-00C04F79EFBC}") = "TestControllerAndServer", "TestControllerAndServer\TestControllerAndServer.csproj", "{2A3B895A-A263-4939-806D-54AA79CCE100}"
EndProject
Project("{FAE04EC0-301F-11D3-BF4B-00C04F79EFBC}") = "TestBatchService", "TestBatchService\TestBatchService.csproj", "{8E84C21C-566E-49F8-BB65-570FCF7C4610}"
EndProject
Global
	GlobalSection(SolutionConfigurationPlatforms) = preSolution
		Debug|Any CPU = Debug|Any CPU
		Release|Any CPU = Release|Any CPU
	EndGlobalSection
	GlobalSection(ProjectConfigurationPlatforms) = postSolution
		{E2E504C7-B3F1-4DBC-A3FB-DBC424DA23E1}.Debug|Any CPU.ActiveCfg = Debug|Any CPU
		{E2E504C7-B3F1-4DBC-A3FB-DBC424DA23E1}.Debug|Any CPU.Build.0 = Debug|Any CPU
		{E2E504C7-B3F1-4DBC-A3FB-DBC424DA23E1}.Release|Any CPU.ActiveCfg = Release|Any CPU
		{E2E504C7-B3F1-4DBC-A3FB-DBC424DA23E1}.Release|Any CPU.Build.0 = Release|Any CPU
		{2A3B895A-A263-4939-806D-54AA79CCE100}.Debug|Any CPU.ActiveCfg = Debug|Any CPU
		{2A3B895A-A263-4939-806D-54AA79CCE100}.Debug|Any CPU.Build.0 = Debug|Any CPU
		{2A3B895A-A263-4939-806D-54AA79CCE100}.Release|Any CPU.ActiveCfg = Release|Any CPU
		{2A3B895A-A263-4939-806D-54AA79CCE100}.Release|Any CPU.Build.0 = Release|Any CPU
		{8E84C21C-566E-49F8-BB65-570FCF7C4610}.Debug|Any CPU.ActiveCfg = Debug|Any CPU
		{8E84C21C-566E-49F8-BB65-570FCF7C4610}.Debug|Any CPU.Build.0 = Debug|Any CPU
		{8E84C21C-566E-49F8-BB65-570FCF7C4610}.Release|Any CPU.ActiveCfg = Release|Any CPU
		{8E84C21C-566E-49F8-BB65-570FCF7C4610}.Release|Any CPU.Build.0 = Release|Any CPU
	EndGlobalSection
	GlobalSection(SolutionProperties) = preSolution
		HideSolutionNode = FALSE
	EndGlobalSection
	GlobalSection(ExtensibilityGlobals) = postSolution
		SolutionGuid = {7C89DE49-3202-4C4B-8C8A-6B90B1219ECA}
	EndGlobalSection
EndGlobal
